# This file is automatically @generated by Cargo.
# It is not intended for manual editing.
version = 3

[[package]]
name = "alsa"
version = "0.5.0"
source = "registry+https://github.com/rust-lang/crates.io-index"
checksum = "75c4da790adcb2ce5e758c064b4f3ec17a30349f9961d3e5e6c9688b052a9e18"
dependencies = [
 "alsa-sys",
 "bitflags",
 "libc",
 "nix",
]

[[package]]
name = "alsa-sys"
version = "0.3.1"
source = "registry+https://github.com/rust-lang/crates.io-index"
checksum = "db8fee663d06c4e303404ef5f40488a53e062f89ba8bfed81f42325aafad1527"
dependencies = [
 "libc",
 "pkg-config",
]

[[package]]
name = "autocfg"
version = "1.0.1"
source = "registry+https://github.com/rust-lang/crates.io-index"
checksum = "cdb031dd78e28731d87d56cc8ffef4a8f36ca26c38fe2de700543e627f8a464a"

[[package]]
name = "bitflags"
version = "1.3.2"
source = "registry+https://github.com/rust-lang/crates.io-index"
checksum = "bef38d45163c2f1dde094a7dfd33ccf595c92905c8f8f4fdc18d06fb1037718a"

[[package]]
name = "cc"
version = "1.0.70"
source = "registry+https://github.com/rust-lang/crates.io-index"
checksum = "d26a6ce4b6a484fa3edb70f7efa6fc430fd2b87285fe8b84304fd0936faa0dc0"

[[package]]
name = "cfg-if"
version = "1.0.0"
source = "registry+https://github.com/rust-lang/crates.io-index"
checksum = "baf1de4339761588bc0619e3cbc0120ee582ebb74b53b4efbf79117bd2da40fd"

[[package]]
name = "dasp"
version = "0.11.0"
source = "registry+https://github.com/rust-lang/crates.io-index"
checksum = "7381b67da416b639690ac77c73b86a7b5e64a29e31d1f75fb3b1102301ef355a"
dependencies = [
 "dasp_envelope",
 "dasp_frame",
 "dasp_interpolate",
 "dasp_peak",
 "dasp_ring_buffer",
 "dasp_rms",
 "dasp_sample",
 "dasp_signal",
 "dasp_slice",
 "dasp_window",
]

[[package]]
name = "dasp_envelope"
version = "0.11.0"
source = "registry+https://github.com/rust-lang/crates.io-index"
checksum = "8ec617ce7016f101a87fe85ed44180839744265fae73bb4aa43e7ece1b7668b6"
dependencies = [
 "dasp_frame",
 "dasp_peak",
 "dasp_ring_buffer",
 "dasp_rms",
 "dasp_sample",
]

[[package]]
name = "dasp_frame"
version = "0.11.0"
source = "registry+https://github.com/rust-lang/crates.io-index"
checksum = "b2a3937f5fe2135702897535c8d4a5553f8b116f76c1529088797f2eee7c5cd6"
dependencies = [
 "dasp_sample",
]

[[package]]
name = "dasp_interpolate"
version = "0.11.0"
source = "registry+https://github.com/rust-lang/crates.io-index"
checksum = "7fc975a6563bb7ca7ec0a6c784ead49983a21c24835b0bc96eea11ee407c7486"
dependencies = [
 "dasp_frame",
 "dasp_ring_buffer",
 "dasp_sample",
]

[[package]]
name = "dasp_peak"
version = "0.11.0"
source = "registry+https://github.com/rust-lang/crates.io-index"
checksum = "5cf88559d79c21f3d8523d91250c397f9a15b5fc72fbb3f87fdb0a37b79915bf"
dependencies = [
 "dasp_frame",
 "dasp_sample",
]

[[package]]
name = "dasp_ring_buffer"
version = "0.11.0"
source = "registry+https://github.com/rust-lang/crates.io-index"
checksum = "07d79e19b89618a543c4adec9c5a347fe378a19041699b3278e616e387511ea1"

[[package]]
name = "dasp_rms"
version = "0.11.0"
source = "registry+https://github.com/rust-lang/crates.io-index"
checksum = "a6c5dcb30b7e5014486e2822537ea2beae50b19722ffe2ed7549ab03774575aa"
dependencies = [
 "dasp_frame",
 "dasp_ring_buffer",
 "dasp_sample",
]

[[package]]
name = "dasp_sample"
version = "0.11.0"
source = "registry+https://github.com/rust-lang/crates.io-index"
checksum = "0c87e182de0887fd5361989c677c4e8f5000cd9491d6d563161a8f3a5519fc7f"

[[package]]
name = "dasp_signal"
version = "0.11.0"
source = "registry+https://github.com/rust-lang/crates.io-index"
checksum = "aa1ab7d01689c6ed4eae3d38fe1cea08cba761573fbd2d592528d55b421077e7"
dependencies = [
 "dasp_envelope",
 "dasp_frame",
 "dasp_interpolate",
 "dasp_peak",
 "dasp_ring_buffer",
 "dasp_rms",
 "dasp_sample",
 "dasp_window",
]

[[package]]
name = "dasp_slice"
version = "0.11.0"
source = "registry+https://github.com/rust-lang/crates.io-index"
checksum = "4e1c7335d58e7baedafa516cb361360ff38d6f4d3f9d9d5ee2a2fc8e27178fa1"
dependencies = [
 "dasp_frame",
 "dasp_sample",
]

[[package]]
name = "dasp_window"
version = "0.11.1"
source = "registry+https://github.com/rust-lang/crates.io-index"
checksum = "99ded7b88821d2ce4e8b842c9f1c86ac911891ab89443cc1de750cae764c5076"
dependencies = [
 "dasp_sample",
]

[[package]]
name = "engine"
version = "0.1.0"
dependencies = [
 "alsa",
 "dasp",
 "dasp_frame",
 "dasp_sample",
 "lazy_static",
 "libpulse-binding",
 "libpulse-simple-binding",
 "simple-error",
]

[[package]]
name = "lazy_static"
version = "1.4.0"
source = "registry+https://github.com/rust-lang/crates.io-index"
checksum = "e2abad23fbc42b3700f2f279844dc832adb2b2eb069b2df918f455c4e18cc646"

[[package]]
name = "libc"
version = "0.2.103"
source = "registry+https://github.com/rust-lang/crates.io-index"
checksum = "dd8f7255a17a627354f321ef0055d63b898c6fb27eff628af4d1b66b7331edf6"

[[package]]
name = "libpulse-binding"
version = "2.25.0"
source = "registry+https://github.com/rust-lang/crates.io-index"
checksum = "86835d7763ded6bc16b6c0061ec60214da7550dfcd4ef93745f6f0096129676a"
dependencies = [
 "bitflags",
 "libc",
 "libpulse-sys",
 "num-derive",
 "num-traits",
 "winapi",
]

[[package]]
name = "libpulse-simple-binding"
version = "2.24.1"
source = "registry+https://github.com/rust-lang/crates.io-index"
checksum = "d6a22538257c4d522bea6089d6478507f5d2589ea32150e20740aaaaaba44590"
dependencies = [
 "libpulse-binding",
 "libpulse-simple-sys",
 "libpulse-sys",
]

[[package]]
name = "libpulse-simple-sys"
version = "1.19.1"
source = "registry+https://github.com/rust-lang/crates.io-index"
checksum = "0b8b0fcb9665401cc7c156c337c8edc7eb4e797b9d3ae1667e1e9e17b29e0c7c"
dependencies = [
 "libpulse-sys",
 "pkg-config",
]

[[package]]
name = "libpulse-sys"
version = "1.19.2"
source = "registry+https://github.com/rust-lang/crates.io-index"
checksum = "f12950b69c1b66233a900414befde36c8d4ea49deec1e1f34e4cd2f586e00c7d"
dependencies = [
 "libc",
 "num-derive",
 "num-traits",
 "pkg-config",
 "winapi",
]

[[package]]
name = "nix"
version = "0.20.0"
source = "registry+https://github.com/rust-lang/crates.io-index"
checksum = "fa9b4819da1bc61c0ea48b63b7bc8604064dd43013e7cc325df098d49cd7c18a"
dependencies = [
 "bitflags",
 "cc",
 "cfg-if",
 "libc",
]

[[package]]
name = "num-derive"
version = "0.3.3"
source = "registry+https://github.com/rust-lang/crates.io-index"
checksum = "876a53fff98e03a936a674b29568b0e605f06b29372c2489ff4de23f1949743d"
dependencies = [
 "proc-macro2",
 "quote",
 "syn",
]

[[package]]
name = "num-traits"
version = "0.2.14"
source = "registry+https://github.com/rust-lang/crates.io-index"
checksum = "9a64b1ec5cda2586e284722486d802acf1f7dbdc623e2bfc57e65ca1cd099290"
dependencies = [
 "autocfg",
]

[[package]]
name = "pkg-config"
version = "0.3.20"
source = "registry+https://github.com/rust-lang/crates.io-index"
checksum = "7c9b1041b4387893b91ee6746cddfc28516aff326a3519fb2adf820932c5e6cb"

[[package]]
name = "proc-macro2"
version = "1.0.29"
source = "registry+https://github.com/rust-lang/crates.io-index"
checksum = "b9f5105d4fdaab20335ca9565e106a5d9b82b6219b5ba735731124ac6711d23d"
dependencies = [
 "unicode-xid",
]

[[package]]
name = "quote"
version = "1.0.9"
source = "registry+https://github.com/rust-lang/crates.io-index"
checksum = "c3d0b9745dc2debf507c8422de05d7226cc1f0644216dfdfead988f9b1ab32a7"
dependencies = [
 "proc-macro2",
]

[[package]]
name = "simple-error"
version = "0.2.3"
source = "registry+https://github.com/rust-lang/crates.io-index"
checksum = "cc47a29ce97772ca5c927f75bac34866b16d64e07f330c3248e2d7226623901b"

[[package]]
name = "syn"
version = "1.0.78"
source = "registry+https://github.com/rust-lang/crates.io-index"
checksum = "a4eac2e6c19f5c3abc0c229bea31ff0b9b091c7b14990e8924b92902a303a0c0"
dependencies = [
 "proc-macro2",
 "quote",
 "unicode-xid",
]

[[package]]
name = "synthesizer"
version = "0.1.0"
dependencies = [
 "engine",
]

[[package]]
name = "unicode-xid"
version = "0.2.2"
source = "registry+https://github.com/rust-lang/crates.io-index"
checksum = "8ccb82d61f80a663efe1f787a51b16b5a51e3314d6ac365b08639f52387b33f3"

[[package]]
name = "winapi"
version = "0.3.9"
source = "registry+https://github.com/rust-lang/crates.io-index"
checksum = "5c839a674fcd7a98952e593242ea400abe93992746761e38641405d28b00f419"
dependencies = [
 "winapi-i686-pc-windows-gnu",
 "winapi-x86_64-pc-windows-gnu",
]

[[package]]
name = "winapi-i686-pc-windows-gnu"
version = "0.4.0"
source = "registry+https://github.com/rust-lang/crates.io-index"
checksum = "ac3b87c63620426dd9b991e5ce0329eff545bccbbb34f3be09ff6fb6ab51b7b6"

[[package]]
name = "winapi-x86_64-pc-windows-gnu"
version = "0.4.0"
source = "registry+https://github.com/rust-lang/crates.io-index"
checksum = "712e227841d057c1ee1cd2fb22fa7e5a5461ae8e48fa2ca79ec42cfc1931183f"
